// !$*UTF8*$!
{
	archiveVersion = 1;
	classes = {
	};
	objectVersion = 46;
	objects = {

/* Begin PBXBuildFile section */
		F4E299221F2DFDF800B86D31 /* main.m in Sources */ = {isa = PBXBuildFile; fileRef = F4E299211F2DFDF800B86D31 /* main.m */; };
		F4E2992B1F2DFDF800B86D31 /* Main.storyboard in Resources */ = {isa = PBXBuildFile; fileRef = F4E299291F2DFDF800B86D31 /* Main.storyboard */; };
		F4E2992D1F2DFDF800B86D31 /* Assets.xcassets in Resources */ = {isa = PBXBuildFile; fileRef = F4E2992C1F2DFDF800B86D31 /* Assets.xcassets */; };
		F4E299301F2DFDF800B86D31 /* LaunchScreen.storyboard in Resources */ = {isa = PBXBuildFile; fileRef = F4E2992E1F2DFDF800B86D31 /* LaunchScreen.storyboard */; };
		F4E2993F1F2E01ED00B86D31 /* AppDelegate.m in Sources */ = {isa = PBXBuildFile; fileRef = F4E2993E1F2E01ED00B86D31 /* AppDelegate.m */; };
		F4E299681F2E024700B86D31 /* AFHTTPSessionManager.m in Sources */ = {isa = PBXBuildFile; fileRef = F4E299421F2E024700B86D31 /* AFHTTPSessionManager.m */; };
		F4E299691F2E024700B86D31 /* AFNetworkReachabilityManager.m in Sources */ = {isa = PBXBuildFile; fileRef = F4E299451F2E024700B86D31 /* AFNetworkReachabilityManager.m */; };
		F4E2996A1F2E024700B86D31 /* AFSecurityPolicy.m in Sources */ = {isa = PBXBuildFile; fileRef = F4E299471F2E024700B86D31 /* AFSecurityPolicy.m */; };
		F4E2996B1F2E024700B86D31 /* AFURLRequestSerialization.m in Sources */ = {isa = PBXBuildFile; fileRef = F4E299491F2E024700B86D31 /* AFURLRequestSerialization.m */; };
		F4E2996C1F2E024700B86D31 /* AFURLResponseSerialization.m in Sources */ = {isa = PBXBuildFile; fileRef = F4E2994B1F2E024700B86D31 /* AFURLResponseSerialization.m */; };
		F4E2996D1F2E024700B86D31 /* AFURLSessionManager.m in Sources */ = {isa = PBXBuildFile; fileRef = F4E2994D1F2E024700B86D31 /* AFURLSessionManager.m */; };
		F4E2996E1F2E024700B86D31 /* MASCompositeConstraint.m in Sources */ = {isa = PBXBuildFile; fileRef = F4E299501F2E024700B86D31 /* MASCompositeConstraint.m */; };
		F4E2996F1F2E024700B86D31 /* MASConstraint.m in Sources */ = {isa = PBXBuildFile; fileRef = F4E299531F2E024700B86D31 /* MASConstraint.m */; };
		F4E299701F2E024700B86D31 /* MASConstraintMaker.m in Sources */ = {isa = PBXBuildFile; fileRef = F4E299551F2E024700B86D31 /* MASConstraintMaker.m */; };
		F4E299711F2E024700B86D31 /* MASLayoutConstraint.m in Sources */ = {isa = PBXBuildFile; fileRef = F4E299571F2E024700B86D31 /* MASLayoutConstraint.m */; };
		F4E299721F2E024700B86D31 /* MASViewAttribute.m in Sources */ = {isa = PBXBuildFile; fileRef = F4E2995B1F2E024700B86D31 /* MASViewAttribute.m */; };
		F4E299731F2E024700B86D31 /* MASViewConstraint.m in Sources */ = {isa = PBXBuildFile; fileRef = F4E2995D1F2E024700B86D31 /* MASViewConstraint.m */; };
		F4E299741F2E024700B86D31 /* NSArray+MASAdditions.m in Sources */ = {isa = PBXBuildFile; fileRef = F4E2995F1F2E024700B86D31 /* NSArray+MASAdditions.m */; };
		F4E299751F2E024700B86D31 /* NSLayoutConstraint+MASDebugAdditions.m in Sources */ = {isa = PBXBuildFile; fileRef = F4E299621F2E024700B86D31 /* NSLayoutConstraint+MASDebugAdditions.m */; };
		F4E299761F2E024700B86D31 /* View+MASAdditions.m in Sources */ = {isa = PBXBuildFile; fileRef = F4E299641F2E024700B86D31 /* View+MASAdditions.m */; };
		F4E299771F2E024700B86D31 /* ViewController+MASAdditions.m in Sources */ = {isa = PBXBuildFile; fileRef = F4E299671F2E024700B86D31 /* ViewController+MASAdditions.m */; };
		F4E2997B1F2E07F900B86D31 /* HMShopController.m in Sources */ = {isa = PBXBuildFile; fileRef = F4E2997A1F2E07F900B86D31 /* HMShopController.m */; };
		F4E2997E1F2E081500B86D31 /* HMFoodDeatilController.m in Sources */ = {isa = PBXBuildFile; fileRef = F4E2997D1F2E081500B86D31 /* HMFoodDeatilController.m */; };
		F4E299831F2E0E3E00B86D31 /* HMNavigationController.m in Sources */ = {isa = PBXBuildFile; fileRef = F4E299821F2E0E3E00B86D31 /* HMNavigationController.m */; };
		F4E299861F2E0F0B00B86D31 /* HMBaseController.m in Sources */ = {isa = PBXBuildFile; fileRef = F4E299851F2E0F0B00B86D31 /* HMBaseController.m */; };
		F4E299891F2F069A00B86D31 /* HMNavigationBar.m in Sources */ = {isa = PBXBuildFile; fileRef = F4E299881F2F069A00B86D31 /* HMNavigationBar.m */; };
		F4E299B21F2F075900B86D31 /* MKAnnotationView+WebCache.m in Sources */ = {isa = PBXBuildFile; fileRef = F4E2998C1F2F075900B86D31 /* MKAnnotationView+WebCache.m */; };
		F4E299B31F2F075900B86D31 /* NSData+ImageContentType.m in Sources */ = {isa = PBXBuildFile; fileRef = F4E2998E1F2F075900B86D31 /* NSData+ImageContentType.m */; };
		F4E299B41F2F075900B86D31 /* NSImage+WebCache.m in Sources */ = {isa = PBXBuildFile; fileRef = F4E299901F2F075900B86D31 /* NSImage+WebCache.m */; };
		F4E299B51F2F075900B86D31 /* SDImageCache.m in Sources */ = {isa = PBXBuildFile; fileRef = F4E299921F2F075900B86D31 /* SDImageCache.m */; };
		F4E299B61F2F075900B86D31 /* SDImageCacheConfig.m in Sources */ = {isa = PBXBuildFile; fileRef = F4E299941F2F075900B86D31 /* SDImageCacheConfig.m */; };
		F4E299B71F2F075900B86D31 /* SDWebImageCompat.m in Sources */ = {isa = PBXBuildFile; fileRef = F4E299961F2F075900B86D31 /* SDWebImageCompat.m */; };
		F4E299B81F2F075900B86D31 /* SDWebImageDecoder.m in Sources */ = {isa = PBXBuildFile; fileRef = F4E299981F2F075900B86D31 /* SDWebImageDecoder.m */; };
		F4E299B91F2F075900B86D31 /* SDWebImageDownloader.m in Sources */ = {isa = PBXBuildFile; fileRef = F4E2999A1F2F075900B86D31 /* SDWebImageDownloader.m */; };
		F4E299BA1F2F075900B86D31 /* SDWebImageDownloaderOperation.m in Sources */ = {isa = PBXBuildFile; fileRef = F4E2999C1F2F075900B86D31 /* SDWebImageDownloaderOperation.m */; };
		F4E299BB1F2F075900B86D31 /* SDWebImageManager.m in Sources */ = {isa = PBXBuildFile; fileRef = F4E2999E1F2F075900B86D31 /* SDWebImageManager.m */; };
		F4E299BC1F2F075900B86D31 /* SDWebImagePrefetcher.m in Sources */ = {isa = PBXBuildFile; fileRef = F4E299A11F2F075900B86D31 /* SDWebImagePrefetcher.m */; };
		F4E299BD1F2F075900B86D31 /* UIButton+WebCache.m in Sources */ = {isa = PBXBuildFile; fileRef = F4E299A31F2F075900B86D31 /* UIButton+WebCache.m */; };
		F4E299BE1F2F075900B86D31 /* UIImage+GIF.m in Sources */ = {isa = PBXBuildFile; fileRef = F4E299A51F2F075900B86D31 /* UIImage+GIF.m */; };
		F4E299BF1F2F075900B86D31 /* UIImage+MultiFormat.m in Sources */ = {isa = PBXBuildFile; fileRef = F4E299A71F2F075900B86D31 /* UIImage+MultiFormat.m */; };
		F4E299C01F2F075900B86D31 /* UIImage+WebP.m in Sources */ = {isa = PBXBuildFile; fileRef = F4E299A91F2F075900B86D31 /* UIImage+WebP.m */; };
		F4E299C11F2F075900B86D31 /* UIImageView+HighlightedWebCache.m in Sources */ = {isa = PBXBuildFile; fileRef = F4E299AB1F2F075900B86D31 /* UIImageView+HighlightedWebCache.m */; };
		F4E299C21F2F075900B86D31 /* UIImageView+WebCache.m in Sources */ = {isa = PBXBuildFile; fileRef = F4E299AD1F2F075900B86D31 /* UIImageView+WebCache.m */; };
		F4E299C31F2F075900B86D31 /* UIView+WebCache.m in Sources */ = {isa = PBXBuildFile; fileRef = F4E299AF1F2F075900B86D31 /* UIView+WebCache.m */; };
		F4E299C41F2F075900B86D31 /* UIView+WebCacheOperation.m in Sources */ = {isa = PBXBuildFile; fileRef = F4E299B11F2F075900B86D31 /* UIView+WebCacheOperation.m */; };
/* End PBXBuildFile section */

/* Begin PBXFileReference section */
		F4E2991D1F2DFDF800B86D31 /* HMWaiMai.app */ = {isa = PBXFileReference; explicitFileType = wrapper.application; includeInIndex = 0; path = HMWaiMai.app; sourceTree = BUILT_PRODUCTS_DIR; };
		F4E299211F2DFDF800B86D31 /* main.m */ = {isa = PBXFileReference; lastKnownFileType = sourcecode.c.objc; path = main.m; sourceTree = "<group>"; };
		F4E2992A1F2DFDF800B86D31 /* Base */ = {isa = PBXFileReference; lastKnownFileType = file.storyboard; name = Base; path = Base.lproj/Main.storyboard; sourceTree = "<group>"; };
		F4E2992C1F2DFDF800B86D31 /* Assets.xcassets */ = {isa = PBXFileReference; lastKnownFileType = folder.assetcatalog; path = Assets.xcassets; sourceTree = "<group>"; };
		F4E2992F1F2DFDF800B86D31 /* Base */ = {isa = PBXFileReference; lastKnownFileType = file.storyboard; name = Base; path = Base.lproj/LaunchScreen.storyboard; sourceTree = "<group>"; };
		F4E299311F2DFDF800B86D31 /* Info.plist */ = {isa = PBXFileReference; lastKnownFileType = text.plist.xml; path = Info.plist; sourceTree = "<group>"; };
		F4E2993D1F2E01ED00B86D31 /* AppDelegate.h */ = {isa = PBXFileReference; fileEncoding = 4; lastKnownFileType = sourcecode.c.h; path = AppDelegate.h; sourceTree = "<group>"; };
		F4E2993E1F2E01ED00B86D31 /* AppDelegate.m */ = {isa = PBXFileReference; fileEncoding = 4; lastKnownFileType = sourcecode.c.objc; path = AppDelegate.m; sourceTree = "<group>"; };
		F4E299411F2E024700B86D31 /* AFHTTPSessionManager.h */ = {isa = PBXFileReference; fileEncoding = 4; lastKnownFileType = sourcecode.c.h; path = AFHTTPSessionManager.h; sourceTree = "<group>"; };
		F4E299421F2E024700B86D31 /* AFHTTPSessionManager.m */ = {isa = PBXFileReference; fileEncoding = 4; lastKnownFileType = sourcecode.c.objc; path = AFHTTPSessionManager.m; sourceTree = "<group>"; };
		F4E299431F2E024700B86D31 /* AFNetworking.h */ = {isa = PBXFileReference; fileEncoding = 4; lastKnownFileType = sourcecode.c.h; path = AFNetworking.h; sourceTree = "<group>"; };
		F4E299441F2E024700B86D31 /* AFNetworkReachabilityManager.h */ = {isa = PBXFileReference; fileEncoding = 4; lastKnownFileType = sourcecode.c.h; path = AFNetworkReachabilityManager.h; sourceTree = "<group>"; };
		F4E299451F2E024700B86D31 /* AFNetworkReachabilityManager.m */ = {isa = PBXFileReference; fileEncoding = 4; lastKnownFileType = sourcecode.c.objc; path = AFNetworkReachabilityManager.m; sourceTree = "<group>"; };
		F4E299461F2E024700B86D31 /* AFSecurityPolicy.h */ = {isa = PBXFileReference; fileEncoding = 4; lastKnownFileType = sourcecode.c.h; path = AFSecurityPolicy.h; sourceTree = "<group>"; };
		F4E299471F2E024700B86D31 /* AFSecurityPolicy.m */ = {isa = PBXFileReference; fileEncoding = 4; lastKnownFileType = sourcecode.c.objc; path = AFSecurityPolicy.m; sourceTree = "<group>"; };
		F4E299481F2E024700B86D31 /* AFURLRequestSerialization.h */ = {isa = PBXFileReference; fileEncoding = 4; lastKnownFileType = sourcecode.c.h; path = AFURLRequestSerialization.h; sourceTree = "<group>"; };
		F4E299491F2E024700B86D31 /* AFURLRequestSerialization.m */ = {isa = PBXFileReference; fileEncoding = 4; lastKnownFileType = sourcecode.c.objc; path = AFURLRequestSerialization.m; sourceTree = "<group>"; };
		F4E2994A1F2E024700B86D31 /* AFURLResponseSerialization.h */ = {isa = PBXFileReference; fileEncoding = 4; lastKnownFileType = sourcecode.c.h; path = AFURLResponseSerialization.h; sourceTree = "<group>"; };
		F4E2994B1F2E024700B86D31 /* AFURLResponseSerialization.m */ = {isa = PBXFileReference; fileEncoding = 4; lastKnownFileType = sourcecode.c.objc; path = AFURLResponseSerialization.m; sourceTree = "<group>"; };
		F4E2994C1F2E024700B86D31 /* AFURLSessionManager.h */ = {isa = PBXFileReference; fileEncoding = 4; lastKnownFileType = sourcecode.c.h; path = AFURLSessionManager.h; sourceTree = "<group>"; };
		F4E2994D1F2E024700B86D31 /* AFURLSessionManager.m */ = {isa = PBXFileReference; fileEncoding = 4; lastKnownFileType = sourcecode.c.objc; path = AFURLSessionManager.m; sourceTree = "<group>"; };
		F4E2994F1F2E024700B86D31 /* MASCompositeConstraint.h */ = {isa = PBXFileReference; fileEncoding = 4; lastKnownFileType = sourcecode.c.h; path = MASCompositeConstraint.h; sourceTree = "<group>"; };
		F4E299501F2E024700B86D31 /* MASCompositeConstraint.m */ = {isa = PBXFileReference; fileEncoding = 4; lastKnownFileType = sourcecode.c.objc; path = MASCompositeConstraint.m; sourceTree = "<group>"; };
		F4E299511F2E024700B86D31 /* MASConstraint+Private.h */ = {isa = PBXFileReference; fileEncoding = 4; lastKnownFileType = sourcecode.c.h; path = "MASConstraint+Private.h"; sourceTree = "<group>"; };
		F4E299521F2E024700B86D31 /* MASConstraint.h */ = {isa = PBXFileReference; fileEncoding = 4; lastKnownFileType = sourcecode.c.h; path = MASConstraint.h; sourceTree = "<group>"; };
		F4E299531F2E024700B86D31 /* MASConstraint.m */ = {isa = PBXFileReference; fileEncoding = 4; lastKnownFileType = sourcecode.c.objc; path = MASConstraint.m; sourceTree = "<group>"; };
		F4E299541F2E024700B86D31 /* MASConstraintMaker.h */ = {isa = PBXFileReference; fileEncoding = 4; lastKnownFileType = sourcecode.c.h; path = MASConstraintMaker.h; sourceTree = "<group>"; };
		F4E299551F2E024700B86D31 /* MASConstraintMaker.m */ = {isa = PBXFileReference; fileEncoding = 4; lastKnownFileType = sourcecode.c.objc; path = MASConstraintMaker.m; sourceTree = "<group>"; };
		F4E299561F2E024700B86D31 /* MASLayoutConstraint.h */ = {isa = PBXFileReference; fileEncoding = 4; lastKnownFileType = sourcecode.c.h; path = MASLayoutConstraint.h; sourceTree = "<group>"; };
		F4E299571F2E024700B86D31 /* MASLayoutConstraint.m */ = {isa = PBXFileReference; fileEncoding = 4; lastKnownFileType = sourcecode.c.objc; path = MASLayoutConstraint.m; sourceTree = "<group>"; };
		F4E299581F2E024700B86D31 /* Masonry.h */ = {isa = PBXFileReference; fileEncoding = 4; lastKnownFileType = sourcecode.c.h; path = Masonry.h; sourceTree = "<group>"; };
		F4E299591F2E024700B86D31 /* MASUtilities.h */ = {isa = PBXFileReference; fileEncoding = 4; lastKnownFileType = sourcecode.c.h; path = MASUtilities.h; sourceTree = "<group>"; };
		F4E2995A1F2E024700B86D31 /* MASViewAttribute.h */ = {isa = PBXFileReference; fileEncoding = 4; lastKnownFileType = sourcecode.c.h; path = MASViewAttribute.h; sourceTree = "<group>"; };
		F4E2995B1F2E024700B86D31 /* MASViewAttribute.m */ = {isa = PBXFileReference; fileEncoding = 4; lastKnownFileType = sourcecode.c.objc; path = MASViewAttribute.m; sourceTree = "<group>"; };
		F4E2995C1F2E024700B86D31 /* MASViewConstraint.h */ = {isa = PBXFileReference; fileEncoding = 4; lastKnownFileType = sourcecode.c.h; path = MASViewConstraint.h; sourceTree = "<group>"; };
		F4E2995D1F2E024700B86D31 /* MASViewConstraint.m */ = {isa = PBXFileReference; fileEncoding = 4; lastKnownFileType = sourcecode.c.objc; path = MASViewConstraint.m; sourceTree = "<group>"; };
		F4E2995E1F2E024700B86D31 /* NSArray+MASAdditions.h */ = {isa = PBXFileReference; fileEncoding = 4; lastKnownFileType = sourcecode.c.h; path = "NSArray+MASAdditions.h"; sourceTree = "<group>"; };
		F4E2995F1F2E024700B86D31 /* NSArray+MASAdditions.m */ = {isa = PBXFileReference; fileEncoding = 4; lastKnownFileType = sourcecode.c.objc; path = "NSArray+MASAdditions.m"; sourceTree = "<group>"; };
		F4E299601F2E024700B86D31 /* NSArray+MASShorthandAdditions.h */ = {isa = PBXFileReference; fileEncoding = 4; lastKnownFileType = sourcecode.c.h; path = "NSArray+MASShorthandAdditions.h"; sourceTree = "<group>"; };
		F4E299611F2E024700B86D31 /* NSLayoutConstraint+MASDebugAdditions.h */ = {isa = PBXFileReference; fileEncoding = 4; lastKnownFileType = sourcecode.c.h; path = "NSLayoutConstraint+MASDebugAdditions.h"; sourceTree = "<group>"; };
		F4E299621F2E024700B86D31 /* NSLayoutConstraint+MASDebugAdditions.m */ = {isa = PBXFileReference; fileEncoding = 4; lastKnownFileType = sourcecode.c.objc; path = "NSLayoutConstraint+MASDebugAdditions.m"; sourceTree = "<group>"; };
		F4E299631F2E024700B86D31 /* View+MASAdditions.h */ = {isa = PBXFileReference; fileEncoding = 4; lastKnownFileType = sourcecode.c.h; path = "View+MASAdditions.h"; sourceTree = "<group>"; };
		F4E299641F2E024700B86D31 /* View+MASAdditions.m */ = {isa = PBXFileReference; fileEncoding = 4; lastKnownFileType = sourcecode.c.objc; path = "View+MASAdditions.m"; sourceTree = "<group>"; };
		F4E299651F2E024700B86D31 /* View+MASShorthandAdditions.h */ = {isa = PBXFileReference; fileEncoding = 4; lastKnownFileType = sourcecode.c.h; path = "View+MASShorthandAdditions.h"; sourceTree = "<group>"; };
		F4E299661F2E024700B86D31 /* ViewController+MASAdditions.h */ = {isa = PBXFileReference; fileEncoding = 4; lastKnownFileType = sourcecode.c.h; path = "ViewController+MASAdditions.h"; sourceTree = "<group>"; };
		F4E299671F2E024700B86D31 /* ViewController+MASAdditions.m */ = {isa = PBXFileReference; fileEncoding = 4; lastKnownFileType = sourcecode.c.objc; path = "ViewController+MASAdditions.m"; sourceTree = "<group>"; };
		F4E299791F2E07F900B86D31 /* HMShopController.h */ = {isa = PBXFileReference; fileEncoding = 4; lastKnownFileType = sourcecode.c.h; path = HMShopController.h; sourceTree = "<group>"; };
		F4E2997A1F2E07F900B86D31 /* HMShopController.m */ = {isa = PBXFileReference; fileEncoding = 4; lastKnownFileType = sourcecode.c.objc; path = HMShopController.m; sourceTree = "<group>"; };
		F4E2997C1F2E081500B86D31 /* HMFoodDeatilController.h */ = {isa = PBXFileReference; fileEncoding = 4; lastKnownFileType = sourcecode.c.h; path = HMFoodDeatilController.h; sourceTree = "<group>"; };
		F4E2997D1F2E081500B86D31 /* HMFoodDeatilController.m */ = {isa = PBXFileReference; fileEncoding = 4; lastKnownFileType = sourcecode.c.objc; path = HMFoodDeatilController.m; sourceTree = "<group>"; };
		F4E2997F1F2E0BC200B86D31 /* HMWaiMai-PrefixHeader.pch */ = {isa = PBXFileReference; lastKnownFileType = sourcecode.c.h; path = "HMWaiMai-PrefixHeader.pch"; sourceTree = "<group>"; };
		F4E299811F2E0E3E00B86D31 /* HMNavigationController.h */ = {isa = PBXFileReference; fileEncoding = 4; lastKnownFileType = sourcecode.c.h; path = HMNavigationController.h; sourceTree = "<group>"; };
		F4E299821F2E0E3E00B86D31 /* HMNavigationController.m */ = {isa = PBXFileReference; fileEncoding = 4; lastKnownFileType = sourcecode.c.objc; path = HMNavigationController.m; sourceTree = "<group>"; };
		F4E299841F2E0F0B00B86D31 /* HMBaseController.h */ = {isa = PBXFileReference; fileEncoding = 4; lastKnownFileType = sourcecode.c.h; path = HMBaseController.h; sourceTree = "<group>"; };
		F4E299851F2E0F0B00B86D31 /* HMBaseController.m */ = {isa = PBXFileReference; fileEncoding = 4; lastKnownFileType = sourcecode.c.objc; path = HMBaseController.m; sourceTree = "<group>"; };
		F4E299871F2F069900B86D31 /* HMNavigationBar.h */ = {isa = PBXFileReference; fileEncoding = 4; lastKnownFileType = sourcecode.c.h; path = HMNavigationBar.h; sourceTree = "<group>"; };
		F4E299881F2F069A00B86D31 /* HMNavigationBar.m */ = {isa = PBXFileReference; fileEncoding = 4; lastKnownFileType = sourcecode.c.objc; path = HMNavigationBar.m; sourceTree = "<group>"; };
		F4E2998B1F2F075900B86D31 /* MKAnnotationView+WebCache.h */ = {isa = PBXFileReference; fileEncoding = 4; lastKnownFileType = sourcecode.c.h; path = "MKAnnotationView+WebCache.h"; sourceTree = "<group>"; };
		F4E2998C1F2F075900B86D31 /* MKAnnotationView+WebCache.m */ = {isa = PBXFileReference; fileEncoding = 4; lastKnownFileType = sourcecode.c.objc; path = "MKAnnotationView+WebCache.m"; sourceTree = "<group>"; };
		F4E2998D1F2F075900B86D31 /* NSData+ImageContentType.h */ = {isa = PBXFileReference; fileEncoding = 4; lastKnownFileType = sourcecode.c.h; path = "NSData+ImageContentType.h"; sourceTree = "<group>"; };
		F4E2998E1F2F075900B86D31 /* NSData+ImageContentType.m */ = {isa = PBXFileReference; fileEncoding = 4; lastKnownFileType = sourcecode.c.objc; path = "NSData+ImageContentType.m"; sourceTree = "<group>"; };
		F4E2998F1F2F075900B86D31 /* NSImage+WebCache.h */ = {isa = PBXFileReference; fileEncoding = 4; lastKnownFileType = sourcecode.c.h; path = "NSImage+WebCache.h"; sourceTree = "<group>"; };
		F4E299901F2F075900B86D31 /* NSImage+WebCache.m */ = {isa = PBXFileReference; fileEncoding = 4; lastKnownFileType = sourcecode.c.objc; path = "NSImage+WebCache.m"; sourceTree = "<group>"; };
		F4E299911F2F075900B86D31 /* SDImageCache.h */ = {isa = PBXFileReference; fileEncoding = 4; lastKnownFileType = sourcecode.c.h; path = SDImageCache.h; sourceTree = "<group>"; };
		F4E299921F2F075900B86D31 /* SDImageCache.m */ = {isa = PBXFileReference; fileEncoding = 4; lastKnownFileType = sourcecode.c.objc; path = SDImageCache.m; sourceTree = "<group>"; };
		F4E299931F2F075900B86D31 /* SDImageCacheConfig.h */ = {isa = PBXFileReference; fileEncoding = 4; lastKnownFileType = sourcecode.c.h; path = SDImageCacheConfig.h; sourceTree = "<group>"; };
		F4E299941F2F075900B86D31 /* SDImageCacheConfig.m */ = {isa = PBXFileReference; fileEncoding = 4; lastKnownFileType = sourcecode.c.objc; path = SDImageCacheConfig.m; sourceTree = "<group>"; };
		F4E299951F2F075900B86D31 /* SDWebImageCompat.h */ = {isa = PBXFileReference; fileEncoding = 4; lastKnownFileType = sourcecode.c.h; path = SDWebImageCompat.h; sourceTree = "<group>"; };
		F4E299961F2F075900B86D31 /* SDWebImageCompat.m */ = {isa = PBXFileReference; fileEncoding = 4; lastKnownFileType = sourcecode.c.objc; path = SDWebImageCompat.m; sourceTree = "<group>"; };
		F4E299971F2F075900B86D31 /* SDWebImageDecoder.h */ = {isa = PBXFileReference; fileEncoding = 4; lastKnownFileType = sourcecode.c.h; path = SDWebImageDecoder.h; sourceTree = "<group>"; };
		F4E299981F2F075900B86D31 /* SDWebImageDecoder.m */ = {isa = PBXFileReference; fileEncoding = 4; lastKnownFileType = sourcecode.c.objc; path = SDWebImageDecoder.m; sourceTree = "<group>"; };
		F4E299991F2F075900B86D31 /* SDWebImageDownloader.h */ = {isa = PBXFileReference; fileEncoding = 4; lastKnownFileType = sourcecode.c.h; path = SDWebImageDownloader.h; sourceTree = "<group>"; };
		F4E2999A1F2F075900B86D31 /* SDWebImageDownloader.m */ = {isa = PBXFileReference; fileEncoding = 4; lastKnownFileType = sourcecode.c.objc; path = SDWebImageDownloader.m; sourceTree = "<group>"; };
		F4E2999B1F2F075900B86D31 /* SDWebImageDownloaderOperation.h */ = {isa = PBXFileReference; fileEncoding = 4; lastKnownFileType = sourcecode.c.h; path = SDWebImageDownloaderOperation.h; sourceTree = "<group>"; };
		F4E2999C1F2F075900B86D31 /* SDWebImageDownloaderOperation.m */ = {isa = PBXFileReference; fileEncoding = 4; lastKnownFileType = sourcecode.c.objc; path = SDWebImageDownloaderOperation.m; sourceTree = "<group>"; };
		F4E2999D1F2F075900B86D31 /* SDWebImageManager.h */ = {isa = PBXFileReference; fileEncoding = 4; lastKnownFileType = sourcecode.c.h; path = SDWebImageManager.h; sourceTree = "<group>"; };
		F4E2999E1F2F075900B86D31 /* SDWebImageManager.m */ = {isa = PBXFileReference; fileEncoding = 4; lastKnownFileType = sourcecode.c.objc; path = SDWebImageManager.m; sourceTree = "<group>"; };
		F4E2999F1F2F075900B86D31 /* SDWebImageOperation.h */ = {isa = PBXFileReference; fileEncoding = 4; lastKnownFileType = sourcecode.c.h; path = SDWebImageOperation.h; sourceTree = "<group>"; };
		F4E299A01F2F075900B86D31 /* SDWebImagePrefetcher.h */ = {isa = PBXFileReference; fileEncoding = 4; lastKnownFileType = sourcecode.c.h; path = SDWebImagePrefetcher.h; sourceTree = "<group>"; };
		F4E299A11F2F075900B86D31 /* SDWebImagePrefetcher.m */ = {isa = PBXFileReference; fileEncoding = 4; lastKnownFileType = sourcecode.c.objc; path = SDWebImagePrefetcher.m; sourceTree = "<group>"; };
		F4E299A21F2F075900B86D31 /* UIButton+WebCache.h */ = {isa = PBXFileReference; fileEncoding = 4; lastKnownFileType = sourcecode.c.h; path = "UIButton+WebCache.h"; sourceTree = "<group>"; };
		F4E299A31F2F075900B86D31 /* UIButton+WebCache.m */ = {isa = PBXFileReference; fileEncoding = 4; lastKnownFileType = sourcecode.c.objc; path = "UIButton+WebCache.m"; sourceTree = "<group>"; };
		F4E299A41F2F075900B86D31 /* UIImage+GIF.h */ = {isa = PBXFileReference; fileEncoding = 4; lastKnownFileType = sourcecode.c.h; path = "UIImage+GIF.h"; sourceTree = "<group>"; };
		F4E299A51F2F075900B86D31 /* UIImage+GIF.m */ = {isa = PBXFileReference; fileEncoding = 4; lastKnownFileType = sourcecode.c.objc; path = "UIImage+GIF.m"; sourceTree = "<group>"; };
		F4E299A61F2F075900B86D31 /* UIImage+MultiFormat.h */ = {isa = PBXFileReference; fileEncoding = 4; lastKnownFileType = sourcecode.c.h; path = "UIImage+MultiFormat.h"; sourceTree = "<group>"; };
		F4E299A71F2F075900B86D31 /* UIImage+MultiFormat.m */ = {isa = PBXFileReference; fileEncoding = 4; lastKnownFileType = sourcecode.c.objc; path = "UIImage+MultiFormat.m"; sourceTree = "<group>"; };
		F4E299A81F2F075900B86D31 /* UIImage+WebP.h */ = {isa = PBXFileReference; fileEncoding = 4; lastKnownFileType = sourcecode.c.h; path = "UIImage+WebP.h"; sourceTree = "<group>"; };
		F4E299A91F2F075900B86D31 /* UIImage+WebP.m */ = {isa = PBXFileReference; fileEncoding = 4; lastKnownFileType = sourcecode.c.objc; path = "UIImage+WebP.m"; sourceTree = "<group>"; };
		F4E299AA1F2F075900B86D31 /* UIImageView+HighlightedWebCache.h */ = {isa = PBXFileReference; fileEncoding = 4; lastKnownFileType = sourcecode.c.h; path = "UIImageView+HighlightedWebCache.h"; sourceTree = "<group>"; };
		F4E299AB1F2F075900B86D31 /* UIImageView+HighlightedWebCache.m */ = {isa = PBXFileReference; fileEncoding = 4; lastKnownFileType = sourcecode.c.objc; path = "UIImageView+HighlightedWebCache.m"; sourceTree = "<group>"; };
		F4E299AC1F2F075900B86D31 /* UIImageView+WebCache.h */ = {isa = PBXFileReference; fileEncoding = 4; lastKnownFileType = sourcecode.c.h; path = "UIImageView+WebCache.h"; sourceTree = "<group>"; };
		F4E299AD1F2F075900B86D31 /* UIImageView+WebCache.m */ = {isa = PBXFileReference; fileEncoding = 4; lastKnownFileType = sourcecode.c.objc; path = "UIImageView+WebCache.m"; sourceTree = "<group>"; };
		F4E299AE1F2F075900B86D31 /* UIView+WebCache.h */ = {isa = PBXFileReference; fileEncoding = 4; lastKnownFileType = sourcecode.c.h; path = "UIView+WebCache.h"; sourceTree = "<group>"; };
		F4E299AF1F2F075900B86D31 /* UIView+WebCache.m */ = {isa = PBXFileReference; fileEncoding = 4; lastKnownFileType = sourcecode.c.objc; path = "UIView+WebCache.m"; sourceTree = "<group>"; };
		F4E299B01F2F075900B86D31 /* UIView+WebCacheOperation.h */ = {isa = PBXFileReference; fileEncoding = 4; lastKnownFileType = sourcecode.c.h; path = "UIView+WebCacheOperation.h"; sourceTree = "<group>"; };
		F4E299B11F2F075900B86D31 /* UIView+WebCacheOperation.m */ = {isa = PBXFileReference; fileEncoding = 4; lastKnownFileType = sourcecode.c.objc; path = "UIView+WebCacheOperation.m"; sourceTree = "<group>"; };
/* End PBXFileReference section */

/* Begin PBXFrameworksBuildPhase section */
		F4E2991A1F2DFDF800B86D31 /* Frameworks */ = {
			isa = PBXFrameworksBuildPhase;
			buildActionMask = 2147483647;
			files = (
			);
			runOnlyForDeploymentPostprocessing = 0;
		};
/* End PBXFrameworksBuildPhase section */

/* Begin PBXGroup section */
		F4E299141F2DFDF800B86D31 = {
			isa = PBXGroup;
			children = (
				F4E2991F1F2DFDF800B86D31 /* HMWaiMai */,
				F4E2991E1F2DFDF800B86D31 /* Products */,
			);
			sourceTree = "<group>";
		};
		F4E2991E1F2DFDF800B86D31 /* Products */ = {
			isa = PBXGroup;
			children = (
				F4E2991D1F2DFDF800B86D31 /* HMWaiMai.app */,
			);
			name = Products;
			sourceTree = "<group>";
		};
		F4E2991F1F2DFDF800B86D31 /* HMWaiMai */ = {
			isa = PBXGroup;
			children = (
				F4E299371F2E01ED00B86D31 /* Classes */,
				F4E2993A1F2E01ED00B86D31 /* Common(分类) */,
				F4E2993B1F2E01ED00B86D31 /* Libs(第三方框架) */,
				F4E2993C1F2E01ED00B86D31 /* Other */,
				F4E299201F2DFDF800B86D31 /* Supporting Files */,
			);
			path = HMWaiMai;
			sourceTree = "<group>";
		};
		F4E299201F2DFDF800B86D31 /* Supporting Files */ = {
			isa = PBXGroup;
			children = (
				F4E299291F2DFDF800B86D31 /* Main.storyboard */,
				F4E2992C1F2DFDF800B86D31 /* Assets.xcassets */,
				F4E2992E1F2DFDF800B86D31 /* LaunchScreen.storyboard */,
				F4E299311F2DFDF800B86D31 /* Info.plist */,
				F4E299211F2DFDF800B86D31 /* main.m */,
				F4E2997F1F2E0BC200B86D31 /* HMWaiMai-PrefixHeader.pch */,
			);
			name = "Supporting Files";
			sourceTree = "<group>";
		};
		F4E299371F2E01ED00B86D31 /* Classes */ = {
			isa = PBXGroup;
			children = (
				F4E299801F2E0CFE00B86D31 /* main */,
				F4E299381F2E01ED00B86D31 /* FoodDeatil(食物详情) */,
				F4E299391F2E01ED00B86D31 /* Shop(点餐) */,
			);
			path = Classes;
			sourceTree = "<group>";
		};
		F4E299381F2E01ED00B86D31 /* FoodDeatil(食物详情) */ = {
			isa = PBXGroup;
			children = (
				F4E2997C1F2E081500B86D31 /* HMFoodDeatilController.h */,
				F4E2997D1F2E081500B86D31 /* HMFoodDeatilController.m */,
			);
			path = "FoodDeatil(食物详情)";
			sourceTree = "<group>";
		};
		F4E299391F2E01ED00B86D31 /* Shop(点餐) */ = {
			isa = PBXGroup;
			children = (
				F4E299791F2E07F900B86D31 /* HMShopController.h */,
				F4E2997A1F2E07F900B86D31 /* HMShopController.m */,
			);
			path = "Shop(点餐)";
			sourceTree = "<group>";
		};
		F4E2993A1F2E01ED00B86D31 /* Common(分类) */ = {
			isa = PBXGroup;
			children = (
			);
			path = "Common(分类)";
			sourceTree = "<group>";
		};
		F4E2993B1F2E01ED00B86D31 /* Libs(第三方框架) */ = {
			isa = PBXGroup;
			children = (
				F4E2998A1F2F075900B86D31 /* SDWebImage */,
				F4E299401F2E024700B86D31 /* AFNetworking */,
				F4E2994E1F2E024700B86D31 /* Masonry */,
			);
			path = "Libs(第三方框架)";
			sourceTree = "<group>";
		};
		F4E2993C1F2E01ED00B86D31 /* Other */ = {
			isa = PBXGroup;
			children = (
				F4E2993D1F2E01ED00B86D31 /* AppDelegate.h */,
				F4E2993E1F2E01ED00B86D31 /* AppDelegate.m */,
			);
			path = Other;
			sourceTree = "<group>";
		};
		F4E299401F2E024700B86D31 /* AFNetworking */ = {
			isa = PBXGroup;
			children = (
				F4E299411F2E024700B86D31 /* AFHTTPSessionManager.h */,
				F4E299421F2E024700B86D31 /* AFHTTPSessionManager.m */,
				F4E299431F2E024700B86D31 /* AFNetworking.h */,
				F4E299441F2E024700B86D31 /* AFNetworkReachabilityManager.h */,
				F4E299451F2E024700B86D31 /* AFNetworkReachabilityManager.m */,
				F4E299461F2E024700B86D31 /* AFSecurityPolicy.h */,
				F4E299471F2E024700B86D31 /* AFSecurityPolicy.m */,
				F4E299481F2E024700B86D31 /* AFURLRequestSerialization.h */,
				F4E299491F2E024700B86D31 /* AFURLRequestSerialization.m */,
				F4E2994A1F2E024700B86D31 /* AFURLResponseSerialization.h */,
				F4E2994B1F2E024700B86D31 /* AFURLResponseSerialization.m */,
				F4E2994C1F2E024700B86D31 /* AFURLSessionManager.h */,
				F4E2994D1F2E024700B86D31 /* AFURLSessionManager.m */,
			);
			path = AFNetworking;
			sourceTree = "<group>";
		};
		F4E2994E1F2E024700B86D31 /* Masonry */ = {
			isa = PBXGroup;
			children = (
				F4E2994F1F2E024700B86D31 /* MASCompositeConstraint.h */,
				F4E299501F2E024700B86D31 /* MASCompositeConstraint.m */,
				F4E299511F2E024700B86D31 /* MASConstraint+Private.h */,
				F4E299521F2E024700B86D31 /* MASConstraint.h */,
				F4E299531F2E024700B86D31 /* MASConstraint.m */,
				F4E299541F2E024700B86D31 /* MASConstraintMaker.h */,
				F4E299551F2E024700B86D31 /* MASConstraintMaker.m */,
				F4E299561F2E024700B86D31 /* MASLayoutConstraint.h */,
				F4E299571F2E024700B86D31 /* MASLayoutConstraint.m */,
				F4E299581F2E024700B86D31 /* Masonry.h */,
				F4E299591F2E024700B86D31 /* MASUtilities.h */,
				F4E2995A1F2E024700B86D31 /* MASViewAttribute.h */,
				F4E2995B1F2E024700B86D31 /* MASViewAttribute.m */,
				F4E2995C1F2E024700B86D31 /* MASViewConstraint.h */,
				F4E2995D1F2E024700B86D31 /* MASViewConstraint.m */,
				F4E2995E1F2E024700B86D31 /* NSArray+MASAdditions.h */,
				F4E2995F1F2E024700B86D31 /* NSArray+MASAdditions.m */,
				F4E299601F2E024700B86D31 /* NSArray+MASShorthandAdditions.h */,
				F4E299611F2E024700B86D31 /* NSLayoutConstraint+MASDebugAdditions.h */,
				F4E299621F2E024700B86D31 /* NSLayoutConstraint+MASDebugAdditions.m */,
				F4E299631F2E024700B86D31 /* View+MASAdditions.h */,
				F4E299641F2E024700B86D31 /* View+MASAdditions.m */,
				F4E299651F2E024700B86D31 /* View+MASShorthandAdditions.h */,
				F4E299661F2E024700B86D31 /* ViewController+MASAdditions.h */,
				F4E299671F2E024700B86D31 /* ViewController+MASAdditions.m */,
			);
			path = Masonry;
			sourceTree = "<group>";
		};
		F4E299801F2E0CFE00B86D31 /* main */ = {
			isa = PBXGroup;
			children = (
				F4E299811F2E0E3E00B86D31 /* HMNavigationController.h */,
				F4E299821F2E0E3E00B86D31 /* HMNavigationController.m */,
				F4E299841F2E0F0B00B86D31 /* HMBaseController.h */,
				F4E299851F2E0F0B00B86D31 /* HMBaseController.m */,
				F4E299871F2F069900B86D31 /* HMNavigationBar.h */,
				F4E299881F2F069A00B86D31 /* HMNavigationBar.m */,
			);
			path = main;
			sourceTree = "<group>";
		};
		F4E2998A1F2F075900B86D31 /* SDWebImage */ = {
			isa = PBXGroup;
			children = (
				F4E2998B1F2F075900B86D31 /* MKAnnotationView+WebCache.h */,
				F4E2998C1F2F075900B86D31 /* MKAnnotationView+WebCache.m */,
				F4E2998D1F2F075900B86D31 /* NSData+ImageContentType.h */,
				F4E2998E1F2F075900B86D31 /* NSData+ImageContentType.m */,
				F4E2998F1F2F075900B86D31 /* NSImage+WebCache.h */,
				F4E299901F2F075900B86D31 /* NSImage+WebCache.m */,
				F4E299911F2F075900B86D31 /* SDImageCache.h */,
				F4E299921F2F075900B86D31 /* SDImageCache.m */,
				F4E299931F2F075900B86D31 /* SDImageCacheConfig.h */,
				F4E299941F2F075900B86D31 /* SDImageCacheConfig.m */,
				F4E299951F2F075900B86D31 /* SDWebImageCompat.h */,
				F4E299961F2F075900B86D31 /* SDWebImageCompat.m */,
				F4E299971F2F075900B86D31 /* SDWebImageDecoder.h */,
				F4E299981F2F075900B86D31 /* SDWebImageDecoder.m */,
				F4E299991F2F075900B86D31 /* SDWebImageDownloader.h */,
				F4E2999A1F2F075900B86D31 /* SDWebImageDownloader.m */,
				F4E2999B1F2F075900B86D31 /* SDWebImageDownloaderOperation.h */,
				F4E2999C1F2F075900B86D31 /* SDWebImageDownloaderOperation.m */,
				F4E2999D1F2F075900B86D31 /* SDWebImageManager.h */,
				F4E2999E1F2F075900B86D31 /* SDWebImageManager.m */,
				F4E2999F1F2F075900B86D31 /* SDWebImageOperation.h */,
				F4E299A01F2F075900B86D31 /* SDWebImagePrefetcher.h */,
				F4E299A11F2F075900B86D31 /* SDWebImagePrefetcher.m */,
				F4E299A21F2F075900B86D31 /* UIButton+WebCache.h */,
				F4E299A31F2F075900B86D31 /* UIButton+WebCache.m */,
				F4E299A41F2F075900B86D31 /* UIImage+GIF.h */,
				F4E299A51F2F075900B86D31 /* UIImage+GIF.m */,
				F4E299A61F2F075900B86D31 /* UIImage+MultiFormat.h */,
				F4E299A71F2F075900B86D31 /* UIImage+MultiFormat.m */,
				F4E299A81F2F075900B86D31 /* UIImage+WebP.h */,
				F4E299A91F2F075900B86D31 /* UIImage+WebP.m */,
				F4E299AA1F2F075900B86D31 /* UIImageView+HighlightedWebCache.h */,
				F4E299AB1F2F075900B86D31 /* UIImageView+HighlightedWebCache.m */,
				F4E299AC1F2F075900B86D31 /* UIImageView+WebCache.h */,
				F4E299AD1F2F075900B86D31 /* UIImageView+WebCache.m */,
				F4E299AE1F2F075900B86D31 /* UIView+WebCache.h */,
				F4E299AF1F2F075900B86D31 /* UIView+WebCache.m */,
				F4E299B01F2F075900B86D31 /* UIView+WebCacheOperation.h */,
				F4E299B11F2F075900B86D31 /* UIView+WebCacheOperation.m */,
			);
			path = SDWebImage;
			sourceTree = "<group>";
		};
/* End PBXGroup section */

/* Begin PBXNativeTarget section */
		F4E2991C1F2DFDF800B86D31 /* HMWaiMai */ = {
			isa = PBXNativeTarget;
			buildConfigurationList = F4E299341F2DFDF800B86D31 /* Build configuration list for PBXNativeTarget "HMWaiMai" */;
			buildPhases = (
				F4E299191F2DFDF800B86D31 /* Sources */,
				F4E2991A1F2DFDF800B86D31 /* Frameworks */,
				F4E2991B1F2DFDF800B86D31 /* Resources */,
			);
			buildRules = (
			);
			dependencies = (
			);
			name = HMWaiMai;
			productName = HMWaiMai;
			productReference = F4E2991D1F2DFDF800B86D31 /* HMWaiMai.app */;
			productType = "com.apple.product-type.application";
		};
/* End PBXNativeTarget section */

/* Begin PBXProject section */
		F4E299151F2DFDF800B86D31 /* Project object */ = {
			isa = PBXProject;
			attributes = {
				LastUpgradeCheck = 0830;
				ORGANIZATIONNAME = wx;
				TargetAttributes = {
					F4E2991C1F2DFDF800B86D31 = {
						CreatedOnToolsVersion = 8.3.3;
						ProvisioningStyle = Automatic;
					};
				};
			};
			buildConfigurationList = F4E299181F2DFDF800B86D31 /* Build configuration list for PBXProject "HMWaiMai" */;
			compatibilityVersion = "Xcode 3.2";
			developmentRegion = English;
			hasScannedForEncodings = 0;
			knownRegions = (
				en,
				Base,
			);
			mainGroup = F4E299141F2DFDF800B86D31;
			productRefGroup = F4E2991E1F2DFDF800B86D31 /* Products */;
			projectDirPath = "";
			projectRoot = "";
			targets = (
				F4E2991C1F2DFDF800B86D31 /* HMWaiMai */,
			);
		};
/* End PBXProject section */

/* Begin PBXResourcesBuildPhase section */
		F4E2991B1F2DFDF800B86D31 /* Resources */ = {
			isa = PBXResourcesBuildPhase;
			buildActionMask = 2147483647;
			files = (
				F4E299301F2DFDF800B86D31 /* LaunchScreen.storyboard in Resources */,
				F4E2992D1F2DFDF800B86D31 /* Assets.xcassets in Resources */,
				F4E2992B1F2DFDF800B86D31 /* Main.storyboard in Resources */,
			);
			runOnlyForDeploymentPostprocessing = 0;
		};
/* End PBXResourcesBuildPhase section */

/* Begin PBXSourcesBuildPhase section */
		F4E299191F2DFDF800B86D31 /* Sources */ = {
			isa = PBXSourcesBuildPhase;
			buildActionMask = 2147483647;
			files = (
				F4E299681F2E024700B86D31 /* AFHTTPSessionManager.m in Sources */,
				F4E2996D1F2E024700B86D31 /* AFURLSessionManager.m in Sources */,
				F4E299C21F2F075900B86D31 /* UIImageView+WebCache.m in Sources */,
				F4E299831F2E0E3E00B86D31 /* HMNavigationController.m in Sources */,
				F4E299B61F2F075900B86D31 /* SDImageCacheConfig.m in Sources */,
				F4E299741F2E024700B86D31 /* NSArray+MASAdditions.m in Sources */,
				F4E2996A1F2E024700B86D31 /* AFSecurityPolicy.m in Sources */,
				F4E2993F1F2E01ED00B86D31 /* AppDelegate.m in Sources */,
				F4E299BD1F2F075900B86D31 /* UIButton+WebCache.m in Sources */,
				F4E299BC1F2F075900B86D31 /* SDWebImagePrefetcher.m in Sources */,
				F4E299C41F2F075900B86D31 /* UIView+WebCacheOperation.m in Sources */,
				F4E2997B1F2E07F900B86D31 /* HMShopController.m in Sources */,
				F4E299761F2E024700B86D31 /* View+MASAdditions.m in Sources */,
				F4E299711F2E024700B86D31 /* MASLayoutConstraint.m in Sources */,
				F4E299C11F2F075900B86D31 /* UIImageView+HighlightedWebCache.m in Sources */,
				F4E2996F1F2E024700B86D31 /* MASConstraint.m in Sources */,
				F4E299B51F2F075900B86D31 /* SDImageCache.m in Sources */,
				F4E299BB1F2F075900B86D31 /* SDWebImageManager.m in Sources */,
				F4E299751F2E024700B86D31 /* NSLayoutConstraint+MASDebugAdditions.m in Sources */,
				F4E299861F2E0F0B00B86D31 /* HMBaseController.m in Sources */,
				F4E2996E1F2E024700B86D31 /* MASCompositeConstraint.m in Sources */,
				F4E299BE1F2F075900B86D31 /* UIImage+GIF.m in Sources */,
				F4E2996B1F2E024700B86D31 /* AFURLRequestSerialization.m in Sources */,
				F4E299891F2F069A00B86D31 /* HMNavigationBar.m in Sources */,
				F4E299691F2E024700B86D31 /* AFNetworkReachabilityManager.m in Sources */,
				F4E299BF1F2F075900B86D31 /* UIImage+MultiFormat.m in Sources */,
				F4E299BA1F2F075900B86D31 /* SDWebImageDownloaderOperation.m in Sources */,
				F4E2996C1F2E024700B86D31 /* AFURLResponseSerialization.m in Sources */,
				F4E299C31F2F075900B86D31 /* UIView+WebCache.m in Sources */,
				F4E299B21F2F075900B86D31 /* MKAnnotationView+WebCache.m in Sources */,
				F4E299B41F2F075900B86D31 /* NSImage+WebCache.m in Sources */,
				F4E299701F2E024700B86D31 /* MASConstraintMaker.m in Sources */,
				F4E299B81F2F075900B86D31 /* SDWebImageDecoder.m in Sources */,
				F4E299C01F2F075900B86D31 /* UIImage+WebP.m in Sources */,
				F4E299B71F2F075900B86D31 /* SDWebImageCompat.m in Sources */,
				F4E299771F2E024700B86D31 /* ViewController+MASAdditions.m in Sources */,
				F4E299B31F2F075900B86D31 /* NSData+ImageContentType.m in Sources */,
				F4E299B91F2F075900B86D31 /* SDWebImageDownloader.m in Sources */,
				F4E299731F2E024700B86D31 /* MASViewConstraint.m in Sources */,
				F4E299221F2DFDF800B86D31 /* main.m in Sources */,
				F4E299721F2E024700B86D31 /* MASViewAttribute.m in Sources */,
				F4E2997E1F2E081500B86D31 /* HMFoodDeatilController.m in Sources */,
			);
			runOnlyForDeploymentPostprocessing = 0;
		};
/* End PBXSourcesBuildPhase section */

/* Begin PBXVariantGroup section */
		F4E299291F2DFDF800B86D31 /* Main.storyboard */ = {
			isa = PBXVariantGroup;
			children = (
				F4E2992A1F2DFDF800B86D31 /* Base */,
			);
			name = Main.storyboard;
			sourceTree = "<group>";
		};
		F4E2992E1F2DFDF800B86D31 /* LaunchScreen.storyboard */ = {
			isa = PBXVariantGroup;
			children = (
				F4E2992F1F2DFDF800B86D31 /* Base */,
			);
			name = LaunchScreen.storyboard;
			sourceTree = "<group>";
		};
/* End PBXVariantGroup section */

/* Begin XCBuildConfiguration section */
		F4E299321F2DFDF800B86D31 /* Debug */ = {
			isa = XCBuildConfiguration;
			buildSettings = {
				ALWAYS_SEARCH_USER_PATHS = NO;
				CLANG_ANALYZER_NONNULL = YES;
				CLANG_ANALYZER_NUMBER_OBJECT_CONVERSION = YES_AGGRESSIVE;
				CLANG_CXX_LANGUAGE_STANDARD = "gnu++0x";
				CLANG_CXX_LIBRARY = "libc++";
				CLANG_ENABLE_MODULES = YES;
				CLANG_ENABLE_OBJC_ARC = YES;
				CLANG_WARN_BOOL_CONVERSION = YES;
				CLANG_WARN_CONSTANT_CONVERSION = YES;
				CLANG_WARN_DIRECT_OBJC_ISA_USAGE = YES_ERROR;
				CLANG_WARN_DOCUMENTATION_COMMENTS = YES;
				CLANG_WARN_EMPTY_BODY = YES;
				CLANG_WARN_ENUM_CONVERSION = YES;
				CLANG_WARN_INFINITE_RECURSION = YES;
				CLANG_WARN_INT_CONVERSION = YES;
				CLANG_WARN_OBJC_ROOT_CLASS = YES_ERROR;
				CLANG_WARN_SUSPICIOUS_MOVE = YES;
				CLANG_WARN_UNREACHABLE_CODE = YES;
				CLANG_WARN__DUPLICATE_METHOD_MATCH = YES;
				"CODE_SIGN_IDENTITY[sdk=iphoneos*]" = "iPhone Developer";
				COPY_PHASE_STRIP = NO;
				DEBUG_INFORMATION_FORMAT = dwarf;
				ENABLE_STRICT_OBJC_MSGSEND = YES;
				ENABLE_TESTABILITY = YES;
				GCC_C_LANGUAGE_STANDARD = gnu99;
				GCC_DYNAMIC_NO_PIC = NO;
				GCC_NO_COMMON_BLOCKS = YES;
				GCC_OPTIMIZATION_LEVEL = 0;
				GCC_PREFIX_HEADER = "";
				GCC_PREPROCESSOR_DEFINITIONS = (
					"DEBUG=1",
					"$(inherited)",
				);
				GCC_WARN_64_TO_32_BIT_CONVERSION = YES;
				GCC_WARN_ABOUT_RETURN_TYPE = YES_ERROR;
				GCC_WARN_UNDECLARED_SELECTOR = YES;
				GCC_WARN_UNINITIALIZED_AUTOS = YES_AGGRESSIVE;
				GCC_WARN_UNUSED_FUNCTION = YES;
				GCC_WARN_UNUSED_VARIABLE = YES;
				IPHONEOS_DEPLOYMENT_TARGET = 10.3;
				MTL_ENABLE_DEBUG_INFO = YES;
				ONLY_ACTIVE_ARCH = YES;
				SDKROOT = iphoneos;
			};
			name = Debug;
		};
		F4E299331F2DFDF800B86D31 /* Release */ = {
			isa = XCBuildConfiguration;
			buildSettings = {
				ALWAYS_SEARCH_USER_PATHS = NO;
				CLANG_ANALYZER_NONNULL = YES;
				CLANG_ANALYZER_NUMBER_OBJECT_CONVERSION = YES_AGGRESSIVE;
				CLANG_CXX_LANGUAGE_STANDARD = "gnu++0x";
				CLANG_CXX_LIBRARY = "libc++";
				CLANG_ENABLE_MODULES = YES;
				CLANG_ENABLE_OBJC_ARC = YES;
				CLANG_WARN_BOOL_CONVERSION = YES;
				CLANG_WARN_CONSTANT_CONVERSION = YES;
				CLANG_WARN_DIRECT_OBJC_ISA_USAGE = YES_ERROR;
				CLANG_WARN_DOCUMENTATION_COMMENTS = YES;
				CLANG_WARN_EMPTY_BODY = YES;
				CLANG_WARN_ENUM_CONVERSION = YES;
				CLANG_WARN_INFINITE_RECURSION = YES;
				CLANG_WARN_INT_CONVERSION = YES;
				CLANG_WARN_OBJC_ROOT_CLASS = YES_ERROR;
				CLANG_WARN_SUSPICIOUS_MOVE = YES;
				CLANG_WARN_UNREACHABLE_CODE = YES;
				CLANG_WARN__DUPLICATE_METHOD_MATCH = YES;
				"CODE_SIGN_IDENTITY[sdk=iphoneos*]" = "iPhone Developer";
				COPY_PHASE_STRIP = NO;
				DEBUG_INFORMATION_FORMAT = "dwarf-with-dsym";
				ENABLE_NS_ASSERTIONS = NO;
				ENABLE_STRICT_OBJC_MSGSEND = YES;
				GCC_C_LANGUAGE_STANDARD = gnu99;
				GCC_NO_COMMON_BLOCKS = YES;
				GCC_PREFIX_HEADER = "";
				GCC_WARN_64_TO_32_BIT_CONVERSION = YES;
				GCC_WARN_ABOUT_RETURN_TYPE = YES_ERROR;
				GCC_WARN_UNDECLARED_SELECTOR = YES;
				GCC_WARN_UNINITIALIZED_AUTOS = YES_AGGRESSIVE;
				GCC_WARN_UNUSED_FUNCTION = YES;
				GCC_WARN_UNUSED_VARIABLE = YES;
				IPHONEOS_DEPLOYMENT_TARGET = 10.3;
				MTL_ENABLE_DEBUG_INFO = NO;
				SDKROOT = iphoneos;
				VALIDATE_PRODUCT = YES;
			};
			name = Release;
		};
		F4E299351F2DFDF800B86D31 /* Debug */ = {
			isa = XCBuildConfiguration;
			buildSettings = {
				ASSETCATALOG_COMPILER_APPICON_NAME = AppIcon;
				GCC_PRECOMPILE_PREFIX_HEADER = YES;
				GCC_PREFIX_HEADER = "HMWaiMai/HMWaiMai-PrefixHeader.pch";
				INFOPLIST_FILE = HMWaiMai/Info.plist;
				LD_RUNPATH_SEARCH_PATHS = "$(inherited) @executable_path/Frameworks";
				PRODUCT_BUNDLE_IDENTIFIER = cn.itcast.HMWaiMai;
				PRODUCT_NAME = "$(TARGET_NAME)";
			};
			name = Debug;
		};
		F4E299361F2DFDF800B86D31 /* Release */ = {
			isa = XCBuildConfiguration;
			buildSettings = {
				ASSETCATALOG_COMPILER_APPICON_NAME = AppIcon;
				GCC_PRECOMPILE_PREFIX_HEADER = YES;
				GCC_PREFIX_HEADER = "HMWaiMai/HMWaiMai-PrefixHeader.pch";
				INFOPLIST_FILE = HMWaiMai/Info.plist;
				LD_RUNPATH_SEARCH_PATHS = "$(inherited) @executable_path/Frameworks";
				PRODUCT_BUNDLE_IDENTIFIER = cn.itcast.HMWaiMai;
				PRODUCT_NAME = "$(TARGET_NAME)";
			};
			name = Release;
		};
/* End XCBuildConfiguration section */

/* Begin XCConfigurationList section */
		F4E299181F2DFDF800B86D31 /* Build configuration list for PBXProject "HMWaiMai" */ = {
			isa = XCConfigurationList;
			buildConfigurations = (
				F4E299321F2DFDF800B86D31 /* Debug */,
				F4E299331F2DFDF800B86D31 /* Release */,
			);
			defaultConfigurationIsVisible = 0;
			defaultConfigurationName = Release;
		};
		F4E299341F2DFDF800B86D31 /* Build configuration list for PBXNativeTarget "HMWaiMai" */ = {
			isa = XCConfigurationList;
			buildConfigurations = (
				F4E299351F2DFDF800B86D31 /* Debug */,
				F4E299361F2DFDF800B86D31 /* Release */,
			);
			defaultConfigurationIsVisible = 0;
			defaultConfigurationName = Release;
		};
/* End XCConfigurationList section */
	};
	rootObject = F4E299151F2DFDF800B86D31 /* Project object */;
}
